
Microsoft Visual Studio Solution File, Format Version 12.00
# Visual Studio Version 16
VisualStudioVersion = 16.0.30709.64
MinimumVisualStudioVersion = 10.0.40219.1
Project("{9A19103F-16F7-4668-BE54-9A1E7A4F7556}") = "Attendance", "Attendance\Attendance.csproj", "{62A4B3B5-DF9F-46DB-9E0E-92CA5C8B99E4}"
EndProject
Global
	GlobalSection(SolutionConfigurationPlatforms) = preSolution
		Debug|Any CPU = Debug|Any CPU
		Release|Any CPU = Release|Any CPU
	EndGlobalSection
	GlobalSection(ProjectConfigurationPlatforms) = postSolution
		{62A4B3B5-DF9F-46DB-9E0E-92CA5C8B99E4}.Debug|Any CPU.ActiveCfg = Debug|Any CPU
		{62A4B3B5-DF9F-46DB-9E0E-92CA5C8B99E4}.Debug|Any CPU.Build.0 = Debug|Any CPU
		{62A4B3B5-DF9F-46DB-9E0E-92CA5C8B99E4}.Release|Any CPU.ActiveCfg = Release|Any CPU
		{62A4B3B5-DF9F-46DB-9E0E-92CA5C8B99E4}.Release|Any CPU.Build.0 = Release|Any CPU
	EndGlobalSection
	GlobalSection(SolutionProperties) = preSolution
		HideSolutionNode = FALSE
	EndGlobalSection
	GlobalSection(ExtensibilityGlobals) = postSolution
		SolutionGuid = {E7F75752-B9BA-4D7F-977C-659217382960}
	EndGlobalSection
EndGlobal
